
Microsoft Visual Studio Solution File, Format Version 12.00
# Visual Studio Version 17
VisualStudioVersion = 17.1.32319.34
MinimumVisualStudioVersion = 10.0.40219.1
Project("{F184B08F-C81C-45F6-A57F-5ABD9991F28F}") = "AppMahasiswa", "AppMahasiswa\AppMahasiswa.vbproj", "{E9E5F943-0AA0-481C-BB03-3CC01BA999CC}"
EndProject
Global
	GlobalSection(SolutionConfigurationPlatforms) = preSolution
		Debug|Any CPU = Debug|Any CPU
		Release|Any CPU = Release|Any CPU
	EndGlobalSection
	GlobalSection(ProjectConfigurationPlatforms) = postSolution
		{E9E5F943-0AA0-481C-BB03-3CC01BA999CC}.Debug|Any CPU.ActiveCfg = Debug|Any CPU
		{E9E5F943-0AA0-481C-BB03-3CC01BA999CC}.Debug|Any CPU.Build.0 = Debug|Any CPU
		{E9E5F943-0AA0-481C-BB03-3CC01BA999CC}.Release|Any CPU.ActiveCfg = Release|Any CPU
		{E9E5F943-0AA0-481C-BB03-3CC01BA999CC}.Release|Any CPU.Build.0 = Release|Any CPU
	EndGlobalSection
	GlobalSection(SolutionProperties) = preSolution
		HideSolutionNode = FALSE
	EndGlobalSection
	GlobalSection(ExtensibilityGlobals) = postSolution
		SolutionGuid = {0B8A90A6-3047-4725-B3E7-0F46DC9E2ADA}
	EndGlobalSection
EndGlobal
